{
  "version": 4,
  "terraform_version": "1.5.7",
  "serial": 678,
  "lineage": "9f6dfb49-e007-dc74-70eb-2e280a6c2271",
  "outputs": {},
  "resources": [
    {
      "mode": "managed",
      "type": "aws_codebuild_project",
      "name": "ecs_test_docker_builder",
      "provider": "provider[\"registry.terraform.io/hashicorp/aws\"]",
      "instances": [
        {
          "schema_version": 0,
          "attributes": {
            "arn": "arn:aws:codebuild:ap-southeast-1:864899853618:project/ecs_test_my-docker-build-project",
            "artifacts": [
              {
                "artifact_identifier": "",
                "bucket_owner_access": "",
                "encryption_disabled": false,
                "location": "",
                "name": "",
                "namespace_type": "",
                "override_artifact_name": false,
                "packaging": "",
                "path": "",
                "type": "NO_ARTIFACTS"
              }
            ],
            "auto_retry_limit": 0,
            "badge_enabled": false,
            "badge_url": "",
            "build_batch_config": [],
            "build_timeout": 5,
            "cache": [
              {
                "location": "",
                "modes": [],
                "type": "NO_CACHE"
              }
            ],
            "concurrent_build_limit": 0,
            "description": "Builds Docker image and pushes to ECR",
            "encryption_key": "arn:aws:kms:ap-southeast-1:864899853618:alias/aws/s3",
            "environment": [
              {
                "certificate": "",
                "compute_type": "BUILD_GENERAL1_SMALL",
                "docker_server": [],
                "environment_variable": [
                  {
                    "name": "ECR_REPOSITORY_URI",
                    "type": "PLAINTEXT",
                    "value": "864899853618.dkr.ecr.ap-southeast-1.amazonaws.com/ecs_testmy-dynamic-app-repo"
                  },
                  {
                    "name": "AWS_DEFAULT_REGION",
                    "type": "PLAINTEXT",
                    "value": "ap-southeast-1"
                  }
                ],
                "fleet": [],
                "image": "aws/codebuild/amazonlinux2-x86_64-standard:4.0",
                "image_pull_credentials_type": "CODEBUILD",
                "privileged_mode": true,
                "registry_credential": [],
                "type": "LINUX_CONTAINER"
              }
            ],
            "file_system_locations": [],
            "id": "arn:aws:codebuild:ap-southeast-1:864899853618:project/ecs_test_my-docker-build-project",
            "logs_config": [
              {
                "cloudwatch_logs": [
                  {
                    "group_name": "",
                    "status": "ENABLED",
                    "stream_name": ""
                  }
                ],
                "s3_logs": [
                  {
                    "bucket_owner_access": "",
                    "encryption_disabled": false,
                    "location": "",
                    "status": "DISABLED"
                  }
                ]
              }
            ],
            "name": "ecs_test_my-docker-build-project",
            "project_visibility": "PRIVATE",
            "public_project_alias": "",
            "queued_timeout": 480,
            "region": "ap-southeast-1",
            "resource_access_role": "",
            "secondary_artifacts": [],
            "secondary_source_version": [],
            "secondary_sources": [],
            "service_role": "arn:aws:iam::864899853618:role/codebuild-docker-build-role",
            "source": [
              {
                "auth": [],
                "build_status_config": [],
                "buildspec": "buildspec.yml",
                "git_clone_depth": 1,
                "git_submodules_config": [],
                "insecure_ssl": false,
                "location": "https://github.com/jayantachatterjee/ritual_roast.git",
                "report_build_status": false,
                "type": "GITHUB"
              }
            ],
            "source_version": "",
            "tags": {},
            "tags_all": {},
            "vpc_config": []
          },
          "sensitive_attributes": [],
          "private": "bnVsbA==",
          "dependencies": [
            "aws_ecr_repository.ecs_test_my_app_repo",
            "aws_iam_role.codebuild_role"
          ]
        }
      ]
    },
    {
      "mode": "managed",
      "type": "aws_codebuild_webhook",
      "name": "ecs_test_codebuild_webhook",
      "provider": "provider[\"registry.terraform.io/hashicorp/aws\"]",
      "instances": [
        {
          "schema_version": 0,
          "attributes": {
            "branch_filter": "",
            "build_type": "",
            "filter_group": [
              {
                "filter": [
                  {
                    "exclude_matched_pattern": false,
                    "pattern": "PUSH",
                    "type": "EVENT"
                  },
                  {
                    "exclude_matched_pattern": false,
                    "pattern": "^refs/heads/main$",
                    "type": "HEAD_REF"
                  }
                ]
              }
            ],
            "id": "ecs_test_my-docker-build-project",
            "manual_creation": false,
            "payload_url": "https://codebuild.ap-southeast-1.amazonaws.com/webhooks?t=eyJlbmNyeXB0ZWREYXRhIjoiUzZNQjl1cGRYcHM3bUJlalNKOGxkTDU4MzVsS1IrT1l0VkhlMmRnSFEraVhQQ2pZTmtyTGlOY3M4emg2YlNQR2Nvb2VzVEptelNpY1BFemxaSkhFRnpNPSIsIml2UGFyYW1ldGVyU3BlYyI6IjRSUi9LSkY0U3lPa3VqMDIiLCJtYXRlcmlhbFNldFNlcmlhbCI6MX0%3D\u0026v=1",
            "project_name": "ecs_test_my-docker-build-project",
            "pull_request_build_policy": [
              {
                "approver_roles": [
                  "GITHUB_ADMIN",
                  "GITHUB_MAINTAIN",
                  "GITHUB_WRITE"
                ],
                "requires_comment_approval": "ALL_PULL_REQUESTS"
              }
            ],
            "region": "ap-southeast-1",
            "scope_configuration": [],
            "secret": "",
            "url": "https://api.github.com/repos/jayantachatterjee/ritual_roast/hooks/583428919"
          },
          "sensitive_attributes": [],
          "private": "bnVsbA==",
          "dependencies": [
            "aws_codebuild_project.ecs_test_docker_builder",
            "aws_ecr_repository.ecs_test_my_app_repo",
            "aws_iam_role.codebuild_role"
          ]
        }
      ]
    },
    {
      "mode": "managed",
      "type": "aws_ecr_repository",
      "name": "ecs_test_my_app_repo",
      "provider": "provider[\"registry.terraform.io/hashicorp/aws\"]",
      "instances": [
        {
          "schema_version": 0,
          "attributes": {
            "arn": "arn:aws:ecr:ap-southeast-1:864899853618:repository/ecs_testmy-dynamic-app-repo",
            "encryption_configuration": [
              {
                "encryption_type": "AES256",
                "kms_key": ""
              }
            ],
            "force_delete": true,
            "id": "ecs_testmy-dynamic-app-repo",
            "image_scanning_configuration": [
              {
                "scan_on_push": true
              }
            ],
            "image_tag_mutability": "MUTABLE",
            "image_tag_mutability_exclusion_filter": [],
            "name": "ecs_testmy-dynamic-app-repo",
            "region": "ap-southeast-1",
            "registry_id": "864899853618",
            "repository_url": "864899853618.dkr.ecr.ap-southeast-1.amazonaws.com/ecs_testmy-dynamic-app-repo",
            "tags": {},
            "tags_all": {},
            "timeouts": null
          },
          "sensitive_attributes": [],
          "private": "eyJlMmJmYjczMC1lY2FhLTExZTYtOGY4OC0zNDM2M2JjN2M0YzAiOnsiZGVsZXRlIjoxMjAwMDAwMDAwMDAwfX0="
        }
      ]
    },
    {
      "mode": "managed",
      "type": "aws_iam_role",
      "name": "codebuild_role",
      "provider": "provider[\"registry.terraform.io/hashicorp/aws\"]",
      "instances": [
        {
          "schema_version": 0,
          "attributes": {
            "arn": "arn:aws:iam::864899853618:role/codebuild-docker-build-role",
            "assume_role_policy": "{\"Statement\":[{\"Action\":\"sts:AssumeRole\",\"Effect\":\"Allow\",\"Principal\":{\"Service\":\"codebuild.amazonaws.com\"}}],\"Version\":\"2012-10-17\"}",
            "create_date": "2025-11-28T11:55:34Z",
            "description": "",
            "force_detach_policies": false,
            "id": "codebuild-docker-build-role",
            "inline_policy": [
              {
                "name": "terraform-20251128115535318100000002",
                "policy": "{\"Version\":\"2012-10-17\",\"Statement\":[{\"Action\":[\"logs:CreateLogGroup\",\"logs:CreateLogStream\",\"logs:PutLogEvents\"],\"Effect\":\"Allow\",\"Resource\":[\"*\"]},{\"Action\":[\"ecr:BatchCheckLayerAvailability\",\"ecr:CompleteLayerUpload\",\"ecr:GetAuthorizationToken\",\"ecr:InitiateLayerUpload\",\"ecr:PutImage\",\"ecr:UploadLayerPart\"],\"Effect\":\"Allow\",\"Resource\":\"arn:aws:ecr:ap-southeast-1:864899853618:repository/ecs_testmy-dynamic-app-repo\"},{\"Action\":\"ecr:GetAuthorizationToken\",\"Effect\":\"Allow\",\"Resource\":\"*\"}]}"
              }
            ],
            "managed_policy_arns": [],
            "max_session_duration": 3600,
            "name": "codebuild-docker-build-role",
            "name_prefix": "",
            "path": "/",
            "permissions_boundary": "",
            "tags": {},
            "tags_all": {},
            "unique_id": "AROA4SYAMNUZCG44HFBGQ"
          },
          "sensitive_attributes": [],
          "private": "bnVsbA=="
        }
      ]
    },
    {
      "mode": "managed",
      "type": "aws_iam_role_policy",
      "name": "codebuild_policy",
      "provider": "provider[\"registry.terraform.io/hashicorp/aws\"]",
      "instances": [
        {
          "schema_version": 0,
          "attributes": {
            "id": "codebuild-docker-build-role:terraform-20251128115535318100000002",
            "name": "terraform-20251128115535318100000002",
            "name_prefix": "terraform-",
            "policy": "{\"Version\":\"2012-10-17\",\"Statement\":[{\"Action\":[\"logs:CreateLogGroup\",\"logs:CreateLogStream\",\"logs:PutLogEvents\"],\"Effect\":\"Allow\",\"Resource\":[\"*\"]},{\"Action\":[\"ecr:BatchCheckLayerAvailability\",\"ecr:CompleteLayerUpload\",\"ecr:GetAuthorizationToken\",\"ecr:InitiateLayerUpload\",\"ecr:PutImage\",\"ecr:UploadLayerPart\"],\"Effect\":\"Allow\",\"Resource\":\"arn:aws:ecr:ap-southeast-1:864899853618:repository/ecs_testmy-dynamic-app-repo\"},{\"Action\":\"ecr:GetAuthorizationToken\",\"Effect\":\"Allow\",\"Resource\":\"*\"}]}",
            "role": "codebuild-docker-build-role"
          },
          "sensitive_attributes": [],
          "private": "bnVsbA==",
          "dependencies": [
            "aws_ecr_repository.ecs_test_my_app_repo",
            "aws_iam_role.codebuild_role"
          ]
        }
      ]
    },
    {
      "module": "module.aws_vpc",
      "mode": "data",
      "type": "aws_availability_zones",
      "name": "available",
      "provider": "provider[\"registry.terraform.io/hashicorp/aws\"]",
      "instances": [
        {
          "schema_version": 0,
          "attributes": {
            "all_availability_zones": null,
            "exclude_names": null,
            "exclude_zone_ids": null,
            "filter": null,
            "group_names": [
              "ap-southeast-1-zg-1"
            ],
            "id": "ap-southeast-1",
            "names": [
              "ap-southeast-1a",
              "ap-southeast-1b",
              "ap-southeast-1c"
            ],
            "region": "ap-southeast-1",
            "state": "available",
            "timeouts": null,
            "zone_ids": [
              "apse1-az2",
              "apse1-az1",
              "apse1-az3"
            ]
          },
          "sensitive_attributes": []
        }
      ]
    },
    {
      "module": "module.aws_vpc",
      "mode": "data",
      "type": "aws_region",
      "name": "current",
      "provider": "provider[\"registry.terraform.io/hashicorp/aws\"]",
      "instances": [
        {
          "schema_version": 0,
          "attributes": {
            "description": "Asia Pacific (Singapore)",
            "endpoint": "ec2.ap-southeast-1.amazonaws.com",
            "id": "ap-southeast-1",
            "name": "ap-southeast-1",
            "region": "ap-southeast-1"
          },
          "sensitive_attributes": []
        }
      ]
    },
    {
      "module": "module.aws_vpc",
      "mode": "data",
      "type": "aws_serverlessapplicationrepository_application",
      "name": "rotator",
      "provider": "provider[\"registry.terraform.io/hashicorp/aws\"]",
      "instances": [
        {
          "schema_version": 0,
          "attributes": {
            "application_id": "arn:aws:serverlessrepo:us-east-1:297356227824:applications/SecretsManagerRDSMySQLRotationSingleUser",
            "id": "arn:aws:serverlessrepo:us-east-1:297356227824:applications/SecretsManagerRDSMySQLRotationSingleUser",
            "name": "SecretsManagerRDSMySQLRotationSingleUser",
            "region": "ap-southeast-1",
            "required_capabilities": [
              "CAPABILITY_IAM",
              "CAPABILITY_RESOURCE_POLICY"
            ],
            "semantic_version": "1.1.628",
            "source_code_url": "https://github.com/aws-samples/aws-secrets-manager-rotation-lambdas",
            "template_url": "https://awsserverlessrepo-applications-eji6x7x4bodi.s3.amazonaws.com/297356227824/SecretsManagerRDSMySQLRotationSingleUser/1.1.628/transformed-template.yaml?X-Amz-Security-Token=IQoJb3JpZ2luX2VjEOv%2F%2F%2F%2F%2F%2F%2F%2F%2F%2FwEaDmFwLXNvdXRoZWFzdC0xIkcwRQIgPO0HXfVH2r7u8B9FFR94o8r%2FtZ%2BlnqGjb9J%2FiDr%2FuxgCIQCzBVnpSAyZoI9O6ncEjeaypkDqtLfVNTbPCVs2tFPbsyqzAwi0%2F%2F%2F%2F%2F%2F%2F%2F%2F%2F8BEAQaDDY4NTI0NDU5NzYyMSIMH3cYVIYUKyUK%2BnjzKocDtg6NaE8JoA58G2AXdnJlCiOWmGjqbghMGFbKN8aXGpZwA5IrDDn26zecnibt%2B3nJ6FFFtzakRAP%2FC7GaBME2rEjNFw23fndcxRtohH9qWu%2BoZg9myubGMYNhPAw9%2BgOKJq8NJfl03aDhOcGSkP0dwuLVd63nkwBuxxUNgMV66jVizC1OLv20dHxk4PPsle6LOonW4NB3BhMMFWMVOoVWWoopC7P%2FPim7UgljP91aD2ywo0quzazq5dtk3FD8uN2LZsJ6zhdm0pCkz71UA7dirteLW6Nbn9RQilnv7Mm6A9yWctQ%2BLy%2BwLPmRTb0ykutX16OmxLGws%2FnsOU%2F6iUJ7LANJ9gIcn1y3UPTz9ePU1Y0cjLAETxIXdPyGNfVzzk1Q%2Biw22b2mV2tZ7YBPphUD08L1VmF27UuPaJKC%2FTpvMH4xV2UTVMZzzLlHpPiNEljAV8345Ie3uPkQwVpIFW85VmnT9hE4tsgICTkYuFFoLMcSrxVDh1uvGVUWBXv4P%2BddiGBGm%2FwVjzC7gabJBjqdAWiYrFPeLM8zEUf6zUBaHY6qGUxgosBP%2BRGjTfJkjkY5TaIzgqGqyGqoO93Ynoc4rrux7zDrM2bxtzyeSuQObCD%2BhVGxy02LIwC9TDD5SOASgMAcNkimdq0lw2dX9WgUwE%2FuKH9hvpspc6XRPVLss9HtMd9UEEk6I8Y%2F8QN7rkBB9WY5086LsLE%2F6sAQe95sXaf%2FVg31FeDoFlORpHo%3D\u0026X-Amz-Algorithm=AWS4-HMAC-SHA256\u0026X-Amz-Date=20251128T120921Z\u0026X-Amz-SignedHeaders=host\u0026X-Amz-Expires=1799\u0026X-Amz-Credential=ASIAZ7C6CYV2ZYPT74YM%2F20251128%2Fus-east-1%2Fs3%2Faws4_request\u0026X-Amz-Signature=33012d43c161cdd9212d9d1d77be90f39121016060cdb9aa0ebee23ba5d36baa"
          },
          "sensitive_attributes": []
        }
      ]
    },
    {
      "module": "module.aws_vpc",
      "mode": "managed",
      "type": "aws_db_instance",
      "name": "ecs_test_db_instance",
      "provider": "provider[\"registry.terraform.io/hashicorp/aws\"]",
      "instances": [
        {
          "schema_version": 2,
          "attributes": {
            "address": "ecs-test-db-instance.c1o22aay6nsi.ap-southeast-1.rds.amazonaws.com",
            "allocated_storage": 20,
            "allow_major_version_upgrade": null,
            "apply_immediately": false,
            "arn": "arn:aws:rds:ap-southeast-1:864899853618:db:ecs-test-db-instance",
            "auto_minor_version_upgrade": true,
            "availability_zone": "ap-southeast-1a",
            "backup_retention_period": 0,
            "backup_target": "region",
            "backup_window": "14:15-14:45",
            "blue_green_update": [],
            "ca_cert_identifier": "rds-ca-rsa2048-g1",
            "character_set_name": "",
            "copy_tags_to_snapshot": false,
            "custom_iam_instance_profile": "",
            "customer_owned_ip_enabled": false,
            "database_insights_mode": "standard",
            "db_name": "ritualroast",
            "db_subnet_group_name": "ecs_test_db_subnet_group",
            "dedicated_log_volume": false,
            "delete_automated_backups": true,
            "deletion_protection": false,
            "domain": "",
            "domain_auth_secret_arn": "",
            "domain_dns_ips": [],
            "domain_fqdn": "",
            "domain_iam_role_name": "",
            "domain_ou": "",
            "enabled_cloudwatch_logs_exports": [],
            "endpoint": "ecs-test-db-instance.c1o22aay6nsi.ap-southeast-1.rds.amazonaws.com:3306",
            "engine": "mysql",
            "engine_lifecycle_support": "open-source-rds-extended-support",
            "engine_version": "8.0",
            "engine_version_actual": "8.0.43",
            "final_snapshot_identifier": null,
            "hosted_zone_id": "Z2G0U3KFCY8NZ5",
            "iam_database_authentication_enabled": false,
            "id": "db-2QIZZCNAYLWHCR5XE5VJSZHIEU",
            "identifier": "ecs-test-db-instance",
            "identifier_prefix": "",
            "instance_class": "db.t3.micro",
            "iops": 0,
            "kms_key_id": "",
            "latest_restorable_time": "",
            "license_model": "general-public-license",
            "listener_endpoint": [],
            "maintenance_window": "sat:20:43-sat:21:13",
            "manage_master_user_password": null,
            "master_user_secret": [],
            "master_user_secret_kms_key_id": null,
            "max_allocated_storage": 0,
            "monitoring_interval": 0,
            "monitoring_role_arn": "",
            "multi_az": false,
            "nchar_character_set_name": "",
            "network_type": "IPV4",
            "option_group_name": "default:mysql-8-0",
            "parameter_group_name": "default.mysql8.0",
            "password": "5NeI7KdhlPav_!Dk",
            "password_wo": null,
            "password_wo_version": null,
            "performance_insights_enabled": false,
            "performance_insights_kms_key_id": "",
            "performance_insights_retention_period": 0,
            "port": 3306,
            "publicly_accessible": false,
            "region": "ap-southeast-1",
            "replica_mode": "",
            "replicas": [],
            "replicate_source_db": "",
            "resource_id": "db-2QIZZCNAYLWHCR5XE5VJSZHIEU",
            "restore_to_point_in_time": [],
            "s3_import": [],
            "skip_final_snapshot": true,
            "snapshot_identifier": null,
            "status": "available",
            "storage_encrypted": false,
            "storage_throughput": 0,
            "storage_type": "gp2",
            "tags": {
              "Name": "ecs_test_db_instance"
            },
            "tags_all": {
              "Name": "ecs_test_db_instance"
            },
            "timeouts": null,
            "timezone": "",
            "upgrade_storage_config": null,
            "username": "admin",
            "vpc_security_group_ids": [
              "sg-0c5cc09c7ef828729"
            ]
          },
          "sensitive_attributes": [
            [
              {
                "type": "get_attr",
                "value": "password"
              }
            ]
          ],
          "private": "eyJlMmJmYjczMC1lY2FhLTExZTYtOGY4OC0zNDM2M2JjN2M0YzAiOnsiY3JlYXRlIjozMDAwMDAwMDAwMDAwLCJkZWxldGUiOjM2MDAwMDAwMDAwMDAsInVwZGF0ZSI6NDgwMDAwMDAwMDAwMH0sInNjaGVtYV92ZXJzaW9uIjoiMiJ9",
          "dependencies": [
            "module.aws_vpc.aws_db_subnet_group.ecs_test_db_subnet_group",
            "module.aws_vpc.aws_security_group.ecs_test_app_sg",
            "module.aws_vpc.aws_security_group.ecs_test_db_sg",
            "module.aws_vpc.aws_security_group.ecs_test_lb_sg",
            "module.aws_vpc.aws_subnet.ecs_test_private_db_subnet",
            "module.aws_vpc.aws_vpc.ecs_test_vpc",
            "module.aws_vpc.data.aws_availability_zones.available",
            "module.aws_vpc.random_password.ecs_test_master_password"
          ]
        }
      ]
    },
    {
      "module": "module.aws_vpc",
      "mode": "managed",
      "type": "aws_db_subnet_group",
      "name": "ecs_test_db_subnet_group",
      "provider": "provider[\"registry.terraform.io/hashicorp/aws\"]",
      "instances": [
        {
          "schema_version": 0,
          "attributes": {
            "arn": "arn:aws:rds:ap-southeast-1:864899853618:subgrp:ecs_test_db_subnet_group",
            "description": "Managed by Terraform",
            "id": "ecs_test_db_subnet_group",
            "name": "ecs_test_db_subnet_group",
            "name_prefix": "",
            "region": "ap-southeast-1",
            "subnet_ids": [
              "subnet-05870c7e89ed0c0cc",
              "subnet-09f65e2465fbc9101"
            ],
            "supported_network_types": [
              "IPV4"
            ],
            "tags": {
              "Name": "ecs_test_db_subnet_group"
            },
            "tags_all": {
              "Name": "ecs_test_db_subnet_group"
            },
            "vpc_id": "vpc-0c996770d5168aba0"
          },
          "sensitive_attributes": [],
          "private": "bnVsbA==",
          "dependencies": [
            "module.aws_vpc.aws_subnet.ecs_test_private_db_subnet",
            "module.aws_vpc.aws_vpc.ecs_test_vpc",
            "module.aws_vpc.data.aws_availability_zones.available"
          ]
        }
      ]
    },
    {
      "module": "module.aws_vpc",
      "mode": "managed",
      "type": "aws_internet_gateway",
      "name": "ecs_test_igw",
      "provider": "provider[\"registry.terraform.io/hashicorp/aws\"]",
      "instances": [
        {
          "schema_version": 0,
          "attributes": {
            "arn": "arn:aws:ec2:ap-southeast-1:864899853618:internet-gateway/igw-0fd1098a95d8a3a92",
            "id": "igw-0fd1098a95d8a3a92",
            "owner_id": "864899853618",
            "region": "ap-southeast-1",
            "tags": {
              "Name": "ecs-test-igw"
            },
            "tags_all": {
              "Name": "ecs-test-igw"
            },
            "timeouts": null,
            "vpc_id": "vpc-0c996770d5168aba0"
          },
          "sensitive_attributes": [],
          "private": "eyJlMmJmYjczMC1lY2FhLTExZTYtOGY4OC0zNDM2M2JjN2M0YzAiOnsiY3JlYXRlIjoxMjAwMDAwMDAwMDAwLCJkZWxldGUiOjEyMDAwMDAwMDAwMDAsInVwZGF0ZSI6MTIwMDAwMDAwMDAwMH19",
          "dependencies": [
            "module.aws_vpc.aws_vpc.ecs_test_vpc"
          ]
        }
      ]
    },
    {
      "module": "module.aws_vpc",
      "mode": "managed",
      "type": "aws_route",
      "name": "public_internet_access",
      "provider": "provider[\"registry.terraform.io/hashicorp/aws\"]",
      "instances": [
        {
          "schema_version": 0,
          "attributes": {
            "carrier_gateway_id": "",
            "core_network_arn": "",
            "destination_cidr_block": "0.0.0.0/0",
            "destination_ipv6_cidr_block": "",
            "destination_prefix_list_id": "",
            "egress_only_gateway_id": "",
            "gateway_id": "igw-0fd1098a95d8a3a92",
            "id": "r-rtb-0c6874904e4cf12f31080289494",
            "instance_id": "",
            "instance_owner_id": "",
            "local_gateway_id": "",
            "nat_gateway_id": "",
            "network_interface_id": "",
            "origin": "CreateRoute",
            "region": "ap-southeast-1",
            "route_table_id": "rtb-0c6874904e4cf12f3",
            "state": "active",
            "timeouts": null,
            "transit_gateway_id": "",
            "vpc_endpoint_id": "",
            "vpc_peering_connection_id": ""
          },
          "sensitive_attributes": [],
          "private": "eyJlMmJmYjczMC1lY2FhLTExZTYtOGY4OC0zNDM2M2JjN2M0YzAiOnsiY3JlYXRlIjozMDAwMDAwMDAwMDAsImRlbGV0ZSI6MzAwMDAwMDAwMDAwLCJ1cGRhdGUiOjEyMDAwMDAwMDAwMH19",
          "dependencies": [
            "module.aws_vpc.aws_internet_gateway.ecs_test_igw",
            "module.aws_vpc.aws_route_table.ecs_test_public",
            "module.aws_vpc.aws_vpc.ecs_test_vpc"
          ]
        }
      ]
    },
    {
      "module": "module.aws_vpc",
      "mode": "managed",
      "type": "aws_route_table",
      "name": "ecs_test_private",
      "provider": "provider[\"registry.terraform.io/hashicorp/aws\"]",
      "instances": [
        {
          "schema_version": 0,
          "attributes": {
            "arn": "arn:aws:ec2:ap-southeast-1:864899853618:route-table/rtb-09c5fd67d018d800b",
            "id": "rtb-09c5fd67d018d800b",
            "owner_id": "864899853618",
            "propagating_vgws": [],
            "region": "ap-southeast-1",
            "route": [],
            "tags": {
              "Name": "ecs-test-private-rt"
            },
            "tags_all": {
              "Name": "ecs-test-private-rt"
            },
            "timeouts": null,
            "vpc_id": "vpc-0c996770d5168aba0"
          },
          "sensitive_attributes": [],
          "private": "eyJlMmJmYjczMC1lY2FhLTExZTYtOGY4OC0zNDM2M2JjN2M0YzAiOnsiY3JlYXRlIjozMDAwMDAwMDAwMDAsImRlbGV0ZSI6MzAwMDAwMDAwMDAwLCJ1cGRhdGUiOjEyMDAwMDAwMDAwMH19",
          "dependencies": [
            "module.aws_vpc.aws_vpc.ecs_test_vpc"
          ]
        }
      ]
    },
    {
      "module": "module.aws_vpc",
      "mode": "managed",
      "type": "aws_route_table",
      "name": "ecs_test_public",
      "provider": "provider[\"registry.terraform.io/hashicorp/aws\"]",
      "instances": [
        {
          "schema_version": 0,
          "attributes": {
            "arn": "arn:aws:ec2:ap-southeast-1:864899853618:route-table/rtb-0c6874904e4cf12f3",
            "id": "rtb-0c6874904e4cf12f3",
            "owner_id": "864899853618",
            "propagating_vgws": [],
            "region": "ap-southeast-1",
            "route": [
              {
                "carrier_gateway_id": "",
                "cidr_block": "0.0.0.0/0",
                "core_network_arn": "",
                "destination_prefix_list_id": "",
                "egress_only_gateway_id": "",
                "gateway_id": "igw-0fd1098a95d8a3a92",
                "ipv6_cidr_block": "",
                "local_gateway_id": "",
                "nat_gateway_id": "",
                "network_interface_id": "",
                "transit_gateway_id": "",
                "vpc_endpoint_id": "",
                "vpc_peering_connection_id": ""
              }
            ],
            "tags": {
              "Name": "ecs-test-public-rt"
            },
            "tags_all": {
              "Name": "ecs-test-public-rt"
            },
            "timeouts": null,
            "vpc_id": "vpc-0c996770d5168aba0"
          },
          "sensitive_attributes": [],
          "private": "eyJlMmJmYjczMC1lY2FhLTExZTYtOGY4OC0zNDM2M2JjN2M0YzAiOnsiY3JlYXRlIjozMDAwMDAwMDAwMDAsImRlbGV0ZSI6MzAwMDAwMDAwMDAwLCJ1cGRhdGUiOjEyMDAwMDAwMDAwMH19",
          "dependencies": [
            "module.aws_vpc.aws_vpc.ecs_test_vpc"
          ]
        }
      ]
    },
    {
      "module": "module.aws_vpc",
      "mode": "managed",
      "type": "aws_route_table_association",
      "name": "ecs_test_private_app_subnet_association",
      "provider": "provider[\"registry.terraform.io/hashicorp/aws\"]",
      "instances": [
        {
          "index_key": 0,
          "schema_version": 0,
          "attributes": {
            "gateway_id": "",
            "id": "rtbassoc-0215d6fa173d8dffe",
            "region": "ap-southeast-1",
            "route_table_id": "rtb-09c5fd67d018d800b",
            "subnet_id": "subnet-0225c31d68665518c",
            "timeouts": null
          },
          "sensitive_attributes": [],
          "private": "eyJlMmJmYjczMC1lY2FhLTExZTYtOGY4OC0zNDM2M2JjN2M0YzAiOnsiY3JlYXRlIjozMDAwMDAwMDAwMDAsImRlbGV0ZSI6MzAwMDAwMDAwMDAwLCJ1cGRhdGUiOjEyMDAwMDAwMDAwMH19",
          "dependencies": [
            "module.aws_vpc.aws_route_table.ecs_test_private",
            "module.aws_vpc.aws_subnet.ecs_test_private_app_subnet",
            "module.aws_vpc.aws_vpc.ecs_test_vpc",
            "module.aws_vpc.data.aws_availability_zones.available"
          ]
        },
        {
          "index_key": 1,
          "schema_version": 0,
          "attributes": {
            "gateway_id": "",
            "id": "rtbassoc-0acaf978096f3f99f",
            "region": "ap-southeast-1",
            "route_table_id": "rtb-09c5fd67d018d800b",
            "subnet_id": "subnet-01ff285f7f6dcf932",
            "timeouts": null
          },
          "sensitive_attributes": [],
          "private": "eyJlMmJmYjczMC1lY2FhLTExZTYtOGY4OC0zNDM2M2JjN2M0YzAiOnsiY3JlYXRlIjozMDAwMDAwMDAwMDAsImRlbGV0ZSI6MzAwMDAwMDAwMDAwLCJ1cGRhdGUiOjEyMDAwMDAwMDAwMH19",
          "dependencies": [
            "module.aws_vpc.aws_route_table.ecs_test_private",
            "module.aws_vpc.aws_subnet.ecs_test_private_app_subnet",
            "module.aws_vpc.aws_vpc.ecs_test_vpc",
            "module.aws_vpc.data.aws_availability_zones.available"
          ]
        }
      ]
    },
    {
      "module": "module.aws_vpc",
      "mode": "managed",
      "type": "aws_route_table_association",
      "name": "ecs_test_private_db_subnet_association",
      "provider": "provider[\"registry.terraform.io/hashicorp/aws\"]",
      "instances": [
        {
          "index_key": 0,
          "schema_version": 0,
          "attributes": {
            "gateway_id": "",
            "id": "rtbassoc-02509069f4e48e4d9",
            "region": "ap-southeast-1",
            "route_table_id": "rtb-09c5fd67d018d800b",
            "subnet_id": "subnet-09f65e2465fbc9101",
            "timeouts": null
          },
          "sensitive_attributes": [],
          "private": "eyJlMmJmYjczMC1lY2FhLTExZTYtOGY4OC0zNDM2M2JjN2M0YzAiOnsiY3JlYXRlIjozMDAwMDAwMDAwMDAsImRlbGV0ZSI6MzAwMDAwMDAwMDAwLCJ1cGRhdGUiOjEyMDAwMDAwMDAwMH19",
          "dependencies": [
            "module.aws_vpc.aws_route_table.ecs_test_private",
            "module.aws_vpc.aws_subnet.ecs_test_private_db_subnet",
            "module.aws_vpc.aws_vpc.ecs_test_vpc",
            "module.aws_vpc.data.aws_availability_zones.available"
          ]
        },
        {
          "index_key": 1,
          "schema_version": 0,
          "attributes": {
            "gateway_id": "",
            "id": "rtbassoc-0d39167842ffed059",
            "region": "ap-southeast-1",
            "route_table_id": "rtb-09c5fd67d018d800b",
            "subnet_id": "subnet-05870c7e89ed0c0cc",
            "timeouts": null
          },
          "sensitive_attributes": [],
          "private": "eyJlMmJmYjczMC1lY2FhLTExZTYtOGY4OC0zNDM2M2JjN2M0YzAiOnsiY3JlYXRlIjozMDAwMDAwMDAwMDAsImRlbGV0ZSI6MzAwMDAwMDAwMDAwLCJ1cGRhdGUiOjEyMDAwMDAwMDAwMH19",
          "dependencies": [
            "module.aws_vpc.aws_route_table.ecs_test_private",
            "module.aws_vpc.aws_subnet.ecs_test_private_db_subnet",
            "module.aws_vpc.aws_vpc.ecs_test_vpc",
            "module.aws_vpc.data.aws_availability_zones.available"
          ]
        }
      ]
    },
    {
      "module": "module.aws_vpc",
      "mode": "managed",
      "type": "aws_route_table_association",
      "name": "ecs_test_public_subnet_association",
      "provider": "provider[\"registry.terraform.io/hashicorp/aws\"]",
      "instances": [
        {
          "index_key": 0,
          "schema_version": 0,
          "attributes": {
            "gateway_id": "",
            "id": "rtbassoc-01fa6b1e7d597e967",
            "region": "ap-southeast-1",
            "route_table_id": "rtb-0c6874904e4cf12f3",
            "subnet_id": "subnet-0ff19f86257de8d10",
            "timeouts": null
          },
          "sensitive_attributes": [],
          "private": "eyJlMmJmYjczMC1lY2FhLTExZTYtOGY4OC0zNDM2M2JjN2M0YzAiOnsiY3JlYXRlIjozMDAwMDAwMDAwMDAsImRlbGV0ZSI6MzAwMDAwMDAwMDAwLCJ1cGRhdGUiOjEyMDAwMDAwMDAwMH19",
          "dependencies": [
            "module.aws_vpc.aws_route_table.ecs_test_public",
            "module.aws_vpc.aws_subnet.ecs_test_public_subnet",
            "module.aws_vpc.aws_vpc.ecs_test_vpc",
            "module.aws_vpc.data.aws_availability_zones.available"
          ]
        },
        {
          "index_key": 1,
          "schema_version": 0,
          "attributes": {
            "gateway_id": "",
            "id": "rtbassoc-076ea5703bd6cd7fe",
            "region": "ap-southeast-1",
            "route_table_id": "rtb-0c6874904e4cf12f3",
            "subnet_id": "subnet-0edfdd662fad8291d",
            "timeouts": null
          },
          "sensitive_attributes": [],
          "private": "eyJlMmJmYjczMC1lY2FhLTExZTYtOGY4OC0zNDM2M2JjN2M0YzAiOnsiY3JlYXRlIjozMDAwMDAwMDAwMDAsImRlbGV0ZSI6MzAwMDAwMDAwMDAwLCJ1cGRhdGUiOjEyMDAwMDAwMDAwMH19",
          "dependencies": [
            "module.aws_vpc.aws_route_table.ecs_test_public",
            "module.aws_vpc.aws_subnet.ecs_test_public_subnet",
            "module.aws_vpc.aws_vpc.ecs_test_vpc",
            "module.aws_vpc.data.aws_availability_zones.available"
          ]
        }
      ]
    },
    {
      "module": "module.aws_vpc",
      "mode": "managed",
      "type": "aws_secretsmanager_secret",
      "name": "ecs_test_rds_credentials",
      "provider": "provider[\"registry.terraform.io/hashicorp/aws\"]",
      "instances": [
        {
          "schema_version": 0,
          "attributes": {
            "arn": "arn:aws:secretsmanager:ap-southeast-1:864899853618:secret:ritualroast-db-secret-r8p51K",
            "description": "Credentials for the private RDS MySQL instance",
            "force_overwrite_replica_secret": false,
            "id": "arn:aws:secretsmanager:ap-southeast-1:864899853618:secret:ritualroast-db-secret-r8p51K",
            "kms_key_id": "",
            "name": "ritualroast-db-secret",
            "name_prefix": "",
            "policy": "",
            "recovery_window_in_days": 0,
            "region": "ap-southeast-1",
            "replica": [],
            "tags": {},
            "tags_all": {}
          },
          "sensitive_attributes": [],
          "private": "bnVsbA=="
        }
      ]
    },
    {
      "module": "module.aws_vpc",
      "mode": "managed",
      "type": "aws_secretsmanager_secret_rotation",
      "name": "rotation",
      "provider": "provider[\"registry.terraform.io/hashicorp/aws\"]",
      "instances": [
        {
          "schema_version": 1,
          "attributes": {
            "id": "arn:aws:secretsmanager:ap-southeast-1:864899853618:secret:ritualroast-db-secret-r8p51K",
            "region": "ap-southeast-1",
            "rotate_immediately": true,
            "rotation_enabled": true,
            "rotation_lambda_arn": "arn:aws:lambda:ap-southeast-1:864899853618:function:MyRDS-Rotator-Function",
            "rotation_rules": [
              {
                "automatically_after_days": 30,
                "duration": "",
                "schedule_expression": ""
              }
            ],
            "secret_id": "arn:aws:secretsmanager:ap-southeast-1:864899853618:secret:ritualroast-db-secret-r8p51K"
          },
          "sensitive_attributes": [],
          "private": "eyJzY2hlbWFfdmVyc2lvbiI6IjEifQ==",
          "dependencies": [
            "module.aws_vpc.aws_db_subnet_group.ecs_test_db_subnet_group",
            "module.aws_vpc.aws_secretsmanager_secret.ecs_test_rds_credentials",
            "module.aws_vpc.aws_security_group.ecs_test_app_sg",
            "module.aws_vpc.aws_security_group.ecs_test_db_sg",
            "module.aws_vpc.aws_security_group.ecs_test_lb_sg",
            "module.aws_vpc.aws_serverlessapplicationrepository_cloudformation_stack.rotate_stack",
            "module.aws_vpc.aws_subnet.ecs_test_private_db_subnet",
            "module.aws_vpc.aws_vpc.ecs_test_vpc",
            "module.aws_vpc.data.aws_availability_zones.available",
            "module.aws_vpc.data.aws_serverlessapplicationrepository_application.rotator"
          ]
        }
      ]
    },
    {
      "module": "module.aws_vpc",
      "mode": "managed",
      "type": "aws_secretsmanager_secret_version",
      "name": "ecs_test_rds_credentials",
      "provider": "provider[\"registry.terraform.io/hashicorp/aws\"]",
      "instances": [
        {
          "schema_version": 0,
          "attributes": {
            "arn": "arn:aws:secretsmanager:ap-southeast-1:864899853618:secret:ritualroast-db-secret-r8p51K",
            "has_secret_string_wo": null,
            "id": "arn:aws:secretsmanager:ap-southeast-1:864899853618:secret:ritualroast-db-secret-r8p51K|terraform-20251128120049255300000008",
            "region": "ap-southeast-1",
            "secret_binary": "",
            "secret_id": "arn:aws:secretsmanager:ap-southeast-1:864899853618:secret:ritualroast-db-secret-r8p51K",
            "secret_string": "{\"dbname\":\"ritualroast\",\"engine\":\"mysql\",\"host\":\"ecs-test-db-instance.c1o22aay6nsi.ap-southeast-1.rds.amazonaws.com\",\"password\":\"5NeI7KdhlPav_!Dk\",\"port\":3306,\"username\":\"admin\"}",
            "secret_string_wo": null,
            "secret_string_wo_version": null,
            "version_id": "terraform-20251128120049255300000008",
            "version_stages": [
              "AWSCURRENT"
            ]
          },
          "sensitive_attributes": [
            [
              {
                "type": "get_attr",
                "value": "secret_string"
              }
            ]
          ],
          "private": "bnVsbA==",
          "dependencies": [
            "module.aws_vpc.aws_db_instance.ecs_test_db_instance",
            "module.aws_vpc.aws_db_subnet_group.ecs_test_db_subnet_group",
            "module.aws_vpc.aws_secretsmanager_secret.ecs_test_rds_credentials",
            "module.aws_vpc.aws_security_group.ecs_test_app_sg",
            "module.aws_vpc.aws_security_group.ecs_test_db_sg",
            "module.aws_vpc.aws_security_group.ecs_test_lb_sg",
            "module.aws_vpc.aws_subnet.ecs_test_private_db_subnet",
            "module.aws_vpc.aws_vpc.ecs_test_vpc",
            "module.aws_vpc.data.aws_availability_zones.available",
            "module.aws_vpc.random_password.ecs_test_master_password"
          ]
        }
      ]
    },
    {
      "module": "module.aws_vpc",
      "mode": "managed",
      "type": "aws_security_group",
      "name": "ecs_test_app_sg",
      "provider": "provider[\"registry.terraform.io/hashicorp/aws\"]",
      "instances": [
        {
          "schema_version": 1,
          "attributes": {
            "arn": "arn:aws:ec2:ap-southeast-1:864899853618:security-group/sg-05c7efb3c0234b67c",
            "description": "Security group for ECS app servers",
            "egress": [],
            "id": "sg-05c7efb3c0234b67c",
            "ingress": [
              {
                "cidr_blocks": [],
                "description": "",
                "from_port": 443,
                "ipv6_cidr_blocks": [],
                "prefix_list_ids": [],
                "protocol": "tcp",
                "security_groups": [
                  "sg-0448452b66432f6c3"
                ],
                "self": false,
                "to_port": 443
              },
              {
                "cidr_blocks": [],
                "description": "",
                "from_port": 80,
                "ipv6_cidr_blocks": [],
                "prefix_list_ids": [],
                "protocol": "tcp",
                "security_groups": [
                  "sg-0448452b66432f6c3"
                ],
                "self": false,
                "to_port": 80
              }
            ],
            "name": "ecs-test-app-sg",
            "name_prefix": "",
            "owner_id": "864899853618",
            "region": "ap-southeast-1",
            "revoke_rules_on_delete": false,
            "tags": {},
            "tags_all": {},
            "timeouts": null,
            "vpc_id": "vpc-0c996770d5168aba0"
          },
          "sensitive_attributes": [],
          "private": "eyJlMmJmYjczMC1lY2FhLTExZTYtOGY4OC0zNDM2M2JjN2M0YzAiOnsiY3JlYXRlIjo2MDAwMDAwMDAwMDAsImRlbGV0ZSI6OTAwMDAwMDAwMDAwfSwic2NoZW1hX3ZlcnNpb24iOiIxIn0=",
          "dependencies": [
            "module.aws_vpc.aws_security_group.ecs_test_lb_sg",
            "module.aws_vpc.aws_vpc.ecs_test_vpc"
          ]
        }
      ]
    },
    {
      "module": "module.aws_vpc",
      "mode": "managed",
      "type": "aws_security_group",
      "name": "ecs_test_db_sg",
      "provider": "provider[\"registry.terraform.io/hashicorp/aws\"]",
      "instances": [
        {
          "schema_version": 1,
          "attributes": {
            "arn": "arn:aws:ec2:ap-southeast-1:864899853618:security-group/sg-0c5cc09c7ef828729",
            "description": "Security group for RDS database",
            "egress": [],
            "id": "sg-0c5cc09c7ef828729",
            "ingress": [
              {
                "cidr_blocks": [],
                "description": null,
                "from_port": 3306,
                "ipv6_cidr_blocks": [],
                "prefix_list_ids": [],
                "protocol": "tcp",
                "security_groups": [
                  "sg-05c7efb3c0234b67c"
                ],
                "self": false,
                "to_port": 3306
              }
            ],
            "name": "ecs-test-db-sg",
            "name_prefix": "",
            "owner_id": "864899853618",
            "region": "ap-southeast-1",
            "revoke_rules_on_delete": false,
            "tags": {},
            "tags_all": {},
            "timeouts": null,
            "vpc_id": "vpc-0c996770d5168aba0"
          },
          "sensitive_attributes": [],
          "private": "eyJlMmJmYjczMC1lY2FhLTExZTYtOGY4OC0zNDM2M2JjN2M0YzAiOnsiY3JlYXRlIjo2MDAwMDAwMDAwMDAsImRlbGV0ZSI6OTAwMDAwMDAwMDAwfSwic2NoZW1hX3ZlcnNpb24iOiIxIn0=",
          "dependencies": [
            "module.aws_vpc.aws_security_group.ecs_test_app_sg",
            "module.aws_vpc.aws_vpc.ecs_test_vpc"
          ]
        }
      ]
    },
    {
      "module": "module.aws_vpc",
      "mode": "managed",
      "type": "aws_security_group",
      "name": "ecs_test_lambda_sg",
      "provider": "provider[\"registry.terraform.io/hashicorp/aws\"]",
      "instances": [
        {
          "schema_version": 1,
          "attributes": {
            "arn": "arn:aws:ec2:ap-southeast-1:864899853618:security-group/sg-0a8c3de9fa51e09b5",
            "description": "Allow Lambda to reach RDS and Secrets Manager",
            "egress": [
              {
                "cidr_blocks": [
                  "10.0.0.0/16"
                ],
                "description": "",
                "from_port": 3306,
                "ipv6_cidr_blocks": [],
                "prefix_list_ids": [],
                "protocol": "tcp",
                "security_groups": [],
                "self": false,
                "to_port": 3306
              },
              {
                "cidr_blocks": [
                  "10.0.0.0/16"
                ],
                "description": "",
                "from_port": 443,
                "ipv6_cidr_blocks": [],
                "prefix_list_ids": [],
                "protocol": "tcp",
                "security_groups": [],
                "self": false,
                "to_port": 443
              }
            ],
            "id": "sg-0a8c3de9fa51e09b5",
            "ingress": [],
            "name": "secrets-rotation-lambda-sg",
            "name_prefix": "",
            "owner_id": "864899853618",
            "region": "ap-southeast-1",
            "revoke_rules_on_delete": false,
            "tags": {},
            "tags_all": {},
            "timeouts": null,
            "vpc_id": "vpc-0c996770d5168aba0"
          },
          "sensitive_attributes": [],
          "private": "eyJlMmJmYjczMC1lY2FhLTExZTYtOGY4OC0zNDM2M2JjN2M0YzAiOnsiY3JlYXRlIjo2MDAwMDAwMDAwMDAsImRlbGV0ZSI6OTAwMDAwMDAwMDAwfSwic2NoZW1hX3ZlcnNpb24iOiIxIn0=",
          "dependencies": [
            "module.aws_vpc.aws_vpc.ecs_test_vpc"
          ]
        }
      ]
    },
    {
      "module": "module.aws_vpc",
      "mode": "managed",
      "type": "aws_security_group",
      "name": "ecs_test_lb_sg",
      "provider": "provider[\"registry.terraform.io/hashicorp/aws\"]",
      "instances": [
        {
          "schema_version": 1,
          "attributes": {
            "arn": "arn:aws:ec2:ap-southeast-1:864899853618:security-group/sg-0448452b66432f6c3",
            "description": "Security group for ECS app servers",
            "egress": [],
            "id": "sg-0448452b66432f6c3",
            "ingress": [
              {
                "cidr_blocks": [
                  "0.0.0.0/0"
                ],
                "description": "Allow HTTP from anywhere",
                "from_port": 80,
                "ipv6_cidr_blocks": [],
                "prefix_list_ids": [],
                "protocol": "tcp",
                "security_groups": [],
                "self": false,
                "to_port": 80
              },
              {
                "cidr_blocks": [
                  "0.0.0.0/0"
                ],
                "description": "Allow HTTPS from anywhere",
                "from_port": 443,
                "ipv6_cidr_blocks": [],
                "prefix_list_ids": [],
                "protocol": "tcp",
                "security_groups": [],
                "self": false,
                "to_port": 443
              }
            ],
            "name": "ecs-test-lb-sg",
            "name_prefix": "",
            "owner_id": "864899853618",
            "region": "ap-southeast-1",
            "revoke_rules_on_delete": false,
            "tags": {},
            "tags_all": {},
            "timeouts": null,
            "vpc_id": "vpc-0c996770d5168aba0"
          },
          "sensitive_attributes": [],
          "private": "eyJlMmJmYjczMC1lY2FhLTExZTYtOGY4OC0zNDM2M2JjN2M0YzAiOnsiY3JlYXRlIjo2MDAwMDAwMDAwMDAsImRlbGV0ZSI6OTAwMDAwMDAwMDAwfSwic2NoZW1hX3ZlcnNpb24iOiIxIn0=",
          "dependencies": [
            "module.aws_vpc.aws_vpc.ecs_test_vpc"
          ]
        }
      ]
    },
    {
      "module": "module.aws_vpc",
      "mode": "managed",
      "type": "aws_security_group",
      "name": "ecs_test_vpc_endpoint_sg",
      "provider": "provider[\"registry.terraform.io/hashicorp/aws\"]",
      "instances": [
        {
          "schema_version": 1,
          "attributes": {
            "arn": "arn:aws:ec2:ap-southeast-1:864899853618:security-group/sg-05d03f5caf2a1daab",
            "description": "Allow HTTPS from inside VPC",
            "egress": [],
            "id": "sg-05d03f5caf2a1daab",
            "ingress": [
              {
                "cidr_blocks": [],
                "description": "",
                "from_port": 443,
                "ipv6_cidr_blocks": [],
                "prefix_list_ids": [],
                "protocol": "tcp",
                "security_groups": [
                  "sg-0a8c3de9fa51e09b5"
                ],
                "self": false,
                "to_port": 443
              }
            ],
            "name": "secrets-manager-vpce-sg",
            "name_prefix": "",
            "owner_id": "864899853618",
            "region": "ap-southeast-1",
            "revoke_rules_on_delete": false,
            "tags": {},
            "tags_all": {},
            "timeouts": null,
            "vpc_id": "vpc-0c996770d5168aba0"
          },
          "sensitive_attributes": [],
          "private": "eyJlMmJmYjczMC1lY2FhLTExZTYtOGY4OC0zNDM2M2JjN2M0YzAiOnsiY3JlYXRlIjo2MDAwMDAwMDAwMDAsImRlbGV0ZSI6OTAwMDAwMDAwMDAwfSwic2NoZW1hX3ZlcnNpb24iOiIxIn0=",
          "dependencies": [
            "module.aws_vpc.aws_security_group.ecs_test_lambda_sg",
            "module.aws_vpc.aws_vpc.ecs_test_vpc"
          ]
        }
      ]
    },
    {
      "module": "module.aws_vpc",
      "mode": "managed",
      "type": "aws_security_group_rule",
      "name": "ece_test_allow_lambda_rotation",
      "provider": "provider[\"registry.terraform.io/hashicorp/aws\"]",
      "instances": [
        {
          "schema_version": 2,
          "attributes": {
            "cidr_blocks": null,
            "description": null,
            "from_port": 3306,
            "id": "sgrule-2059932684",
            "ipv6_cidr_blocks": null,
            "prefix_list_ids": null,
            "protocol": "tcp",
            "region": "ap-southeast-1",
            "security_group_id": "sg-0c5cc09c7ef828729",
            "security_group_rule_id": "sgr-088916409f23cff2c",
            "self": false,
            "source_security_group_id": "sg-0a8c3de9fa51e09b5",
            "timeouts": null,
            "to_port": 3306,
            "type": "ingress"
          },
          "sensitive_attributes": [],
          "private": "eyJlMmJmYjczMC1lY2FhLTExZTYtOGY4OC0zNDM2M2JjN2M0YzAiOnsiY3JlYXRlIjozMDAwMDAwMDAwMDB9LCJzY2hlbWFfdmVyc2lvbiI6IjIifQ==",
          "dependencies": [
            "module.aws_vpc.aws_security_group.ecs_test_app_sg",
            "module.aws_vpc.aws_security_group.ecs_test_db_sg",
            "module.aws_vpc.aws_security_group.ecs_test_lambda_sg",
            "module.aws_vpc.aws_security_group.ecs_test_lb_sg",
            "module.aws_vpc.aws_vpc.ecs_test_vpc"
          ]
        }
      ]
    },
    {
      "module": "module.aws_vpc",
      "mode": "managed",
      "type": "aws_serverlessapplicationrepository_cloudformation_stack",
      "name": "rotate_stack",
      "provider": "provider[\"registry.terraform.io/hashicorp/aws\"]",
      "instances": [
        {
          "schema_version": 0,
          "attributes": {
            "application_id": "arn:aws:serverlessrepo:us-east-1:297356227824:applications/SecretsManagerRDSMySQLRotationSingleUser",
            "capabilities": [
              "CAPABILITY_IAM",
              "CAPABILITY_RESOURCE_POLICY"
            ],
            "id": "arn:aws:cloudformation:ap-southeast-1:864899853618:stack/serverlessrepo-Rotate-RDS-MySQL/3239ee40-cc51-11f0-93a7-027b60b0c4db",
            "name": "Rotate-RDS-MySQL",
            "outputs": {
              "RotationLambdaARN": "arn:aws:lambda:ap-southeast-1:864899853618:function:MyRDS-Rotator-Function"
            },
            "parameters": {
              "endpoint": "https://secretsmanager.ap-south-1.amazonaws.com",
              "functionName": "MyRDS-Rotator-Function",
              "vpcSecurityGroupIds": "sg-0c5cc09c7ef828729",
              "vpcSubnetIds": "subnet-05870c7e89ed0c0cc,subnet-09f65e2465fbc9101"
            },
            "region": "ap-southeast-1",
            "semantic_version": "1.1.628",
            "tags": {},
            "tags_all": {},
            "timeouts": null
          },
          "sensitive_attributes": [],
          "private": "eyJlMmJmYjczMC1lY2FhLTExZTYtOGY4OC0zNDM2M2JjN2M0YzAiOnsiY3JlYXRlIjoxODAwMDAwMDAwMDAwLCJkZWxldGUiOjE4MDAwMDAwMDAwMDAsInVwZGF0ZSI6MTgwMDAwMDAwMDAwMH19",
          "dependencies": [
            "module.aws_vpc.aws_db_subnet_group.ecs_test_db_subnet_group",
            "module.aws_vpc.aws_security_group.ecs_test_app_sg",
            "module.aws_vpc.aws_security_group.ecs_test_db_sg",
            "module.aws_vpc.aws_security_group.ecs_test_lb_sg",
            "module.aws_vpc.aws_subnet.ecs_test_private_db_subnet",
            "module.aws_vpc.aws_vpc.ecs_test_vpc",
            "module.aws_vpc.data.aws_availability_zones.available",
            "module.aws_vpc.data.aws_serverlessapplicationrepository_application.rotator"
          ]
        }
      ]
    },
    {
      "module": "module.aws_vpc",
      "mode": "managed",
      "type": "aws_subnet",
      "name": "ecs_test_private_app_subnet",
      "provider": "provider[\"registry.terraform.io/hashicorp/aws\"]",
      "instances": [
        {
          "index_key": 0,
          "schema_version": 1,
          "attributes": {
            "arn": "arn:aws:ec2:ap-southeast-1:864899853618:subnet/subnet-0225c31d68665518c",
            "assign_ipv6_address_on_creation": false,
            "availability_zone": "ap-southeast-1a",
            "availability_zone_id": "apse1-az2",
            "cidr_block": "10.0.2.0/24",
            "customer_owned_ipv4_pool": "",
            "enable_dns64": false,
            "enable_lni_at_device_index": 0,
            "enable_resource_name_dns_a_record_on_launch": false,
            "enable_resource_name_dns_aaaa_record_on_launch": false,
            "id": "subnet-0225c31d68665518c",
            "ipv6_cidr_block": "",
            "ipv6_cidr_block_association_id": "",
            "ipv6_native": false,
            "map_customer_owned_ip_on_launch": false,
            "map_public_ip_on_launch": false,
            "outpost_arn": "",
            "owner_id": "864899853618",
            "private_dns_hostname_type_on_launch": "ip-name",
            "region": "ap-southeast-1",
            "tags": {
              "Name": "ecs-test-private-app-subnet-1"
            },
            "tags_all": {
              "Name": "ecs-test-private-app-subnet-1"
            },
            "timeouts": null,
            "vpc_id": "vpc-0c996770d5168aba0"
          },
          "sensitive_attributes": [],
          "private": "eyJlMmJmYjczMC1lY2FhLTExZTYtOGY4OC0zNDM2M2JjN2M0YzAiOnsiY3JlYXRlIjo2MDAwMDAwMDAwMDAsImRlbGV0ZSI6MTIwMDAwMDAwMDAwMH0sInNjaGVtYV92ZXJzaW9uIjoiMSJ9",
          "dependencies": [
            "module.aws_vpc.aws_vpc.ecs_test_vpc",
            "module.aws_vpc.data.aws_availability_zones.available"
          ]
        },
        {
          "index_key": 1,
          "schema_version": 1,
          "attributes": {
            "arn": "arn:aws:ec2:ap-southeast-1:864899853618:subnet/subnet-01ff285f7f6dcf932",
            "assign_ipv6_address_on_creation": false,
            "availability_zone": "ap-southeast-1b",
            "availability_zone_id": "apse1-az1",
            "cidr_block": "10.0.3.0/24",
            "customer_owned_ipv4_pool": "",
            "enable_dns64": false,
            "enable_lni_at_device_index": 0,
            "enable_resource_name_dns_a_record_on_launch": false,
            "enable_resource_name_dns_aaaa_record_on_launch": false,
            "id": "subnet-01ff285f7f6dcf932",
            "ipv6_cidr_block": "",
            "ipv6_cidr_block_association_id": "",
            "ipv6_native": false,
            "map_customer_owned_ip_on_launch": false,
            "map_public_ip_on_launch": false,
            "outpost_arn": "",
            "owner_id": "864899853618",
            "private_dns_hostname_type_on_launch": "ip-name",
            "region": "ap-southeast-1",
            "tags": {
              "Name": "ecs-test-private-app-subnet-2"
            },
            "tags_all": {
              "Name": "ecs-test-private-app-subnet-2"
            },
            "timeouts": null,
            "vpc_id": "vpc-0c996770d5168aba0"
          },
          "sensitive_attributes": [],
          "private": "eyJlMmJmYjczMC1lY2FhLTExZTYtOGY4OC0zNDM2M2JjN2M0YzAiOnsiY3JlYXRlIjo2MDAwMDAwMDAwMDAsImRlbGV0ZSI6MTIwMDAwMDAwMDAwMH0sInNjaGVtYV92ZXJzaW9uIjoiMSJ9",
          "dependencies": [
            "module.aws_vpc.aws_vpc.ecs_test_vpc",
            "module.aws_vpc.data.aws_availability_zones.available"
          ]
        }
      ]
    },
    {
      "module": "module.aws_vpc",
      "mode": "managed",
      "type": "aws_subnet",
      "name": "ecs_test_private_db_subnet",
      "provider": "provider[\"registry.terraform.io/hashicorp/aws\"]",
      "instances": [
        {
          "index_key": 0,
          "schema_version": 1,
          "attributes": {
            "arn": "arn:aws:ec2:ap-southeast-1:864899853618:subnet/subnet-09f65e2465fbc9101",
            "assign_ipv6_address_on_creation": false,
            "availability_zone": "ap-southeast-1a",
            "availability_zone_id": "apse1-az2",
            "cidr_block": "10.0.4.0/24",
            "customer_owned_ipv4_pool": "",
            "enable_dns64": false,
            "enable_lni_at_device_index": 0,
            "enable_resource_name_dns_a_record_on_launch": false,
            "enable_resource_name_dns_aaaa_record_on_launch": false,
            "id": "subnet-09f65e2465fbc9101",
            "ipv6_cidr_block": "",
            "ipv6_cidr_block_association_id": "",
            "ipv6_native": false,
            "map_customer_owned_ip_on_launch": false,
            "map_public_ip_on_launch": false,
            "outpost_arn": "",
            "owner_id": "864899853618",
            "private_dns_hostname_type_on_launch": "ip-name",
            "region": "ap-southeast-1",
            "tags": {
              "Name": "ecs-test-private-db-subnet-1"
            },
            "tags_all": {
              "Name": "ecs-test-private-db-subnet-1"
            },
            "timeouts": null,
            "vpc_id": "vpc-0c996770d5168aba0"
          },
          "sensitive_attributes": [],
          "private": "eyJlMmJmYjczMC1lY2FhLTExZTYtOGY4OC0zNDM2M2JjN2M0YzAiOnsiY3JlYXRlIjo2MDAwMDAwMDAwMDAsImRlbGV0ZSI6MTIwMDAwMDAwMDAwMH0sInNjaGVtYV92ZXJzaW9uIjoiMSJ9",
          "dependencies": [
            "module.aws_vpc.aws_vpc.ecs_test_vpc",
            "module.aws_vpc.data.aws_availability_zones.available"
          ]
        },
        {
          "index_key": 1,
          "schema_version": 1,
          "attributes": {
            "arn": "arn:aws:ec2:ap-southeast-1:864899853618:subnet/subnet-05870c7e89ed0c0cc",
            "assign_ipv6_address_on_creation": false,
            "availability_zone": "ap-southeast-1b",
            "availability_zone_id": "apse1-az1",
            "cidr_block": "10.0.5.0/24",
            "customer_owned_ipv4_pool": "",
            "enable_dns64": false,
            "enable_lni_at_device_index": 0,
            "enable_resource_name_dns_a_record_on_launch": false,
            "enable_resource_name_dns_aaaa_record_on_launch": false,
            "id": "subnet-05870c7e89ed0c0cc",
            "ipv6_cidr_block": "",
            "ipv6_cidr_block_association_id": "",
            "ipv6_native": false,
            "map_customer_owned_ip_on_launch": false,
            "map_public_ip_on_launch": false,
            "outpost_arn": "",
            "owner_id": "864899853618",
            "private_dns_hostname_type_on_launch": "ip-name",
            "region": "ap-southeast-1",
            "tags": {
              "Name": "ecs-test-private-db-subnet-2"
            },
            "tags_all": {
              "Name": "ecs-test-private-db-subnet-2"
            },
            "timeouts": null,
            "vpc_id": "vpc-0c996770d5168aba0"
          },
          "sensitive_attributes": [],
          "private": "eyJlMmJmYjczMC1lY2FhLTExZTYtOGY4OC0zNDM2M2JjN2M0YzAiOnsiY3JlYXRlIjo2MDAwMDAwMDAwMDAsImRlbGV0ZSI6MTIwMDAwMDAwMDAwMH0sInNjaGVtYV92ZXJzaW9uIjoiMSJ9",
          "dependencies": [
            "module.aws_vpc.aws_vpc.ecs_test_vpc",
            "module.aws_vpc.data.aws_availability_zones.available"
          ]
        }
      ]
    },
    {
      "module": "module.aws_vpc",
      "mode": "managed",
      "type": "aws_subnet",
      "name": "ecs_test_public_subnet",
      "provider": "provider[\"registry.terraform.io/hashicorp/aws\"]",
      "instances": [
        {
          "index_key": 0,
          "schema_version": 1,
          "attributes": {
            "arn": "arn:aws:ec2:ap-southeast-1:864899853618:subnet/subnet-0ff19f86257de8d10",
            "assign_ipv6_address_on_creation": false,
            "availability_zone": "ap-southeast-1a",
            "availability_zone_id": "apse1-az2",
            "cidr_block": "10.0.0.0/24",
            "customer_owned_ipv4_pool": "",
            "enable_dns64": false,
            "enable_lni_at_device_index": 0,
            "enable_resource_name_dns_a_record_on_launch": false,
            "enable_resource_name_dns_aaaa_record_on_launch": false,
            "id": "subnet-0ff19f86257de8d10",
            "ipv6_cidr_block": "",
            "ipv6_cidr_block_association_id": "",
            "ipv6_native": false,
            "map_customer_owned_ip_on_launch": false,
            "map_public_ip_on_launch": true,
            "outpost_arn": "",
            "owner_id": "864899853618",
            "private_dns_hostname_type_on_launch": "ip-name",
            "region": "ap-southeast-1",
            "tags": {
              "Name": "ecs-test-public-subnet-1"
            },
            "tags_all": {
              "Name": "ecs-test-public-subnet-1"
            },
            "timeouts": null,
            "vpc_id": "vpc-0c996770d5168aba0"
          },
          "sensitive_attributes": [],
          "private": "eyJlMmJmYjczMC1lY2FhLTExZTYtOGY4OC0zNDM2M2JjN2M0YzAiOnsiY3JlYXRlIjo2MDAwMDAwMDAwMDAsImRlbGV0ZSI6MTIwMDAwMDAwMDAwMH0sInNjaGVtYV92ZXJzaW9uIjoiMSJ9",
          "dependencies": [
            "module.aws_vpc.aws_vpc.ecs_test_vpc",
            "module.aws_vpc.data.aws_availability_zones.available"
          ]
        },
        {
          "index_key": 1,
          "schema_version": 1,
          "attributes": {
            "arn": "arn:aws:ec2:ap-southeast-1:864899853618:subnet/subnet-0edfdd662fad8291d",
            "assign_ipv6_address_on_creation": false,
            "availability_zone": "ap-southeast-1b",
            "availability_zone_id": "apse1-az1",
            "cidr_block": "10.0.1.0/24",
            "customer_owned_ipv4_pool": "",
            "enable_dns64": false,
            "enable_lni_at_device_index": 0,
            "enable_resource_name_dns_a_record_on_launch": false,
            "enable_resource_name_dns_aaaa_record_on_launch": false,
            "id": "subnet-0edfdd662fad8291d",
            "ipv6_cidr_block": "",
            "ipv6_cidr_block_association_id": "",
            "ipv6_native": false,
            "map_customer_owned_ip_on_launch": false,
            "map_public_ip_on_launch": true,
            "outpost_arn": "",
            "owner_id": "864899853618",
            "private_dns_hostname_type_on_launch": "ip-name",
            "region": "ap-southeast-1",
            "tags": {
              "Name": "ecs-test-public-subnet-2"
            },
            "tags_all": {
              "Name": "ecs-test-public-subnet-2"
            },
            "timeouts": null,
            "vpc_id": "vpc-0c996770d5168aba0"
          },
          "sensitive_attributes": [],
          "private": "eyJlMmJmYjczMC1lY2FhLTExZTYtOGY4OC0zNDM2M2JjN2M0YzAiOnsiY3JlYXRlIjo2MDAwMDAwMDAwMDAsImRlbGV0ZSI6MTIwMDAwMDAwMDAwMH0sInNjaGVtYV92ZXJzaW9uIjoiMSJ9",
          "dependencies": [
            "module.aws_vpc.aws_vpc.ecs_test_vpc",
            "module.aws_vpc.data.aws_availability_zones.available"
          ]
        }
      ]
    },
    {
      "module": "module.aws_vpc",
      "mode": "managed",
      "type": "aws_vpc",
      "name": "ecs_test_vpc",
      "provider": "provider[\"registry.terraform.io/hashicorp/aws\"]",
      "instances": [
        {
          "schema_version": 1,
          "attributes": {
            "arn": "arn:aws:ec2:ap-southeast-1:864899853618:vpc/vpc-0c996770d5168aba0",
            "assign_generated_ipv6_cidr_block": false,
            "cidr_block": "10.0.0.0/16",
            "default_network_acl_id": "acl-0217a6f5f7ad81e72",
            "default_route_table_id": "rtb-007672994e9f2213a",
            "default_security_group_id": "sg-0d1dc59d1674eeb74",
            "dhcp_options_id": "dopt-02bd0117a95fc552d",
            "enable_dns_hostnames": true,
            "enable_dns_support": true,
            "enable_network_address_usage_metrics": false,
            "id": "vpc-0c996770d5168aba0",
            "instance_tenancy": "default",
            "ipv4_ipam_pool_id": null,
            "ipv4_netmask_length": null,
            "ipv6_association_id": "",
            "ipv6_cidr_block": "",
            "ipv6_cidr_block_network_border_group": "",
            "ipv6_ipam_pool_id": "",
            "ipv6_netmask_length": 0,
            "main_route_table_id": "rtb-007672994e9f2213a",
            "owner_id": "864899853618",
            "region": "ap-southeast-1",
            "tags": {
              "Name": "ecs-test-vpc"
            },
            "tags_all": {
              "Name": "ecs-test-vpc"
            }
          },
          "sensitive_attributes": [],
          "private": "eyJzY2hlbWFfdmVyc2lvbiI6IjEifQ=="
        }
      ]
    },
    {
      "module": "module.aws_vpc",
      "mode": "managed",
      "type": "aws_vpc_endpoint",
      "name": "secretsmanager",
      "provider": "provider[\"registry.terraform.io/hashicorp/aws\"]",
      "instances": [
        {
          "schema_version": 0,
          "attributes": {
            "arn": "arn:aws:ec2:ap-southeast-1:864899853618:vpc-endpoint/vpce-08a6244f0c0fc2604",
            "auto_accept": null,
            "cidr_blocks": [],
            "dns_entry": [
              {
                "dns_name": "vpce-08a6244f0c0fc2604-92nyrs0k.secretsmanager.ap-southeast-1.vpce.amazonaws.com",
                "hosted_zone_id": "Z18LLCSTV4NVNL"
              },
              {
                "dns_name": "vpce-08a6244f0c0fc2604-92nyrs0k-ap-southeast-1b.secretsmanager.ap-southeast-1.vpce.amazonaws.com",
                "hosted_zone_id": "Z18LLCSTV4NVNL"
              },
              {
                "dns_name": "vpce-08a6244f0c0fc2604-92nyrs0k-ap-southeast-1a.secretsmanager.ap-southeast-1.vpce.amazonaws.com",
                "hosted_zone_id": "Z18LLCSTV4NVNL"
              },
              {
                "dns_name": "secretsmanager.ap-southeast-1.amazonaws.com",
                "hosted_zone_id": "Z01006143C0AO012ZLZPA"
              }
            ],
            "dns_options": [
              {
                "dns_record_ip_type": "ipv4",
                "private_dns_only_for_inbound_resolver_endpoint": false
              }
            ],
            "id": "vpce-08a6244f0c0fc2604",
            "ip_address_type": "ipv4",
            "network_interface_ids": [
              "eni-087c5882917e4c036",
              "eni-0d28162646020cfea"
            ],
            "owner_id": "864899853618",
            "policy": "{\"Statement\":[{\"Action\":\"*\",\"Effect\":\"Allow\",\"Principal\":\"*\",\"Resource\":\"*\"}]}",
            "prefix_list_id": null,
            "private_dns_enabled": true,
            "region": "ap-southeast-1",
            "requester_managed": false,
            "resource_configuration_arn": "",
            "route_table_ids": [],
            "security_group_ids": [
              "sg-05d03f5caf2a1daab"
            ],
            "service_name": "com.amazonaws.ap-southeast-1.secretsmanager",
            "service_network_arn": "",
            "service_region": "ap-southeast-1",
            "state": "available",
            "subnet_configuration": [
              {
                "ipv4": "10.0.4.124",
                "ipv6": "",
                "subnet_id": "subnet-09f65e2465fbc9101"
              },
              {
                "ipv4": "10.0.5.83",
                "ipv6": "",
                "subnet_id": "subnet-05870c7e89ed0c0cc"
              }
            ],
            "subnet_ids": [
              "subnet-05870c7e89ed0c0cc",
              "subnet-09f65e2465fbc9101"
            ],
            "tags": {},
            "tags_all": {},
            "timeouts": null,
            "vpc_endpoint_type": "Interface",
            "vpc_id": "vpc-0c996770d5168aba0"
          },
          "sensitive_attributes": [],
          "private": "eyJlMmJmYjczMC1lY2FhLTExZTYtOGY4OC0zNDM2M2JjN2M0YzAiOnsiY3JlYXRlIjo2MDAwMDAwMDAwMDAsImRlbGV0ZSI6NjAwMDAwMDAwMDAwLCJ1cGRhdGUiOjYwMDAwMDAwMDAwMH19",
          "dependencies": [
            "module.aws_vpc.aws_security_group.ecs_test_lambda_sg",
            "module.aws_vpc.aws_security_group.ecs_test_vpc_endpoint_sg",
            "module.aws_vpc.aws_subnet.ecs_test_private_db_subnet",
            "module.aws_vpc.aws_vpc.ecs_test_vpc",
            "module.aws_vpc.data.aws_availability_zones.available"
          ]
        }
      ]
    },
    {
      "module": "module.aws_vpc",
      "mode": "managed",
      "type": "random_password",
      "name": "ecs_test_master_password",
      "provider": "provider[\"registry.terraform.io/hashicorp/random\"]",
      "instances": [
        {
          "schema_version": 3,
          "attributes": {
            "bcrypt_hash": "$2a$10$Fl98wqay6HG5QwZtZA7Dy.cHYpMu4j2lsItMmd.DCQ9K1I8baNzV6",
            "id": "none",
            "keepers": null,
            "length": 16,
            "lower": true,
            "min_lower": 0,
            "min_numeric": 0,
            "min_special": 0,
            "min_upper": 0,
            "number": true,
            "numeric": true,
            "override_special": "_!%^",
            "result": "5NeI7KdhlPav_!Dk",
            "special": true,
            "upper": true
          },
          "sensitive_attributes": []
        }
      ]
    }
  ],
  "check_results": null
}
